
Microsoft Visual Studio Solution File, Format Version 12.00
# Visual Studio Version 17
VisualStudioVersion = 17.10.34916.146
MinimumVisualStudioVersion = 10.0.40219.1
Project("{FAE04EC0-301F-11D3-BF4B-00C04F79EFBC}") = "NSBraveNewWorld", "NSBraveNewWorld\NSBraveNewWorld.csproj", "{AC691C86-D223-4E1B-90A4-7FFBFC0F280B}"
EndProject
Global
	GlobalSection(SolutionConfigurationPlatforms) = preSolution
		Debug|Any CPU = Debug|Any CPU
		Release|Any CPU = Release|Any CPU
	EndGlobalSection
	GlobalSection(ProjectConfigurationPlatforms) = postSolution
		{AC691C86-D223-4E1B-90A4-7FFBFC0F280B}.Debug|Any CPU.ActiveCfg = Debug|Any CPU
		{AC691C86-D223-4E1B-90A4-7FFBFC0F280B}.Debug|Any CPU.Build.0 = Debug|Any CPU
		{AC691C86-D223-4E1B-90A4-7FFBFC0F280B}.Release|Any CPU.ActiveCfg = Release|Any CPU
		{AC691C86-D223-4E1B-90A4-7FFBFC0F280B}.Release|Any CPU.Build.0 = Release|Any CPU
	EndGlobalSection
	GlobalSection(SolutionProperties) = preSolution
		HideSolutionNode = FALSE
	EndGlobalSection
	GlobalSection(ExtensibilityGlobals) = postSolution
		SolutionGuid = {F687FD85-8A4C-4637-B55A-D9284EDEF10D}
	EndGlobalSection
EndGlobal
